// !$*UTF8*$!
{
	archiveVersion = 1;
	classes = {
	};
	objectVersion = 50;
	objects = {

/* Begin PBXBuildFile section */
		48C03A552376120E00519A0C /* AppDelegate.swift in Sources */ = {isa = PBXBuildFile; fileRef = 48C03A542376120E00519A0C /* AppDelegate.swift */; };
		48C03A572376120E00519A0C /* ViewController.swift in Sources */ = {isa = PBXBuildFile; fileRef = 48C03A562376120E00519A0C /* ViewController.swift */; };
		48C03A5A2376120E00519A0C /* Main.storyboard in Resources */ = {isa = PBXBuildFile; fileRef = 48C03A582376120E00519A0C /* Main.storyboard */; };
		48C03A5C2376121200519A0C /* Assets.xcassets in Resources */ = {isa = PBXBuildFile; fileRef = 48C03A5B2376121200519A0C /* Assets.xcassets */; };
		48C03A5F2376121200519A0C /* LaunchScreen.storyboard in Resources */ = {isa = PBXBuildFile; fileRef = 48C03A5D2376121200519A0C /* LaunchScreen.storyboard */; };
		48C03A672376F0AC00519A0C /* OnTheMapClient.swift in Sources */ = {isa = PBXBuildFile; fileRef = 48C03A662376F0AC00519A0C /* OnTheMapClient.swift */; };
		48C03A692376F48300519A0C /* LoginRequest.swift in Sources */ = {isa = PBXBuildFile; fileRef = 48C03A682376F48300519A0C /* LoginRequest.swift */; };
		48C03A6B2376FBC200519A0C /* OnTheMapRespons.swift in Sources */ = {isa = PBXBuildFile; fileRef = 48C03A6A2376FBC200519A0C /* OnTheMapRespons.swift */; };
		48C03A6D2377417F00519A0C /* RequestTokenResponse.swift in Sources */ = {isa = PBXBuildFile; fileRef = 48C03A6C2377417F00519A0C /* RequestTokenResponse.swift */; };
		48C03A70237A1EE000519A0C /* MapViewController.swift in Sources */ = {isa = PBXBuildFile; fileRef = 48C03A6F237A1EE000519A0C /* MapViewController.swift */; };
		48C03A72237B38F700519A0C /* StudenLocationsRequest.swift in Sources */ = {isa = PBXBuildFile; fileRef = 48C03A71237B38F700519A0C /* StudenLocationsRequest.swift */; };
		48C03A752389ACF600519A0C /* LocationsModel.swift in Sources */ = {isa = PBXBuildFile; fileRef = 48C03A742389ACF600519A0C /* LocationsModel.swift */; };
		48C03A77238ADFEC00519A0C /* LocationsTablViewController.swift in Sources */ = {isa = PBXBuildFile; fileRef = 48C03A76238ADFEC00519A0C /* LocationsTablViewController.swift */; };
		48C03A7D238B11E300519A0C /* LocationsTablViewCell.swift in Sources */ = {isa = PBXBuildFile; fileRef = 48C03A7C238B11E300519A0C /* LocationsTablViewCell.swift */; };
/* End PBXBuildFile section */

/* Begin PBXFileReference section */
		48C03A512376120E00519A0C /* OnTheMap.app */ = {isa = PBXFileReference; explicitFileType = wrapper.application; includeInIndex = 0; path = OnTheMap.app; sourceTree = BUILT_PRODUCTS_DIR; };
		48C03A542376120E00519A0C /* AppDelegate.swift */ = {isa = PBXFileReference; lastKnownFileType = sourcecode.swift; path = AppDelegate.swift; sourceTree = "<group>"; };
		48C03A562376120E00519A0C /* ViewController.swift */ = {isa = PBXFileReference; lastKnownFileType = sourcecode.swift; path = ViewController.swift; sourceTree = "<group>"; };
		48C03A592376120E00519A0C /* Base */ = {isa = PBXFileReference; lastKnownFileType = file.storyboard; name = Base; path = Base.lproj/Main.storyboard; sourceTree = "<group>"; };
		48C03A5B2376121200519A0C /* Assets.xcassets */ = {isa = PBXFileReference; lastKnownFileType = folder.assetcatalog; path = Assets.xcassets; sourceTree = "<group>"; };
		48C03A5E2376121200519A0C /* Base */ = {isa = PBXFileReference; lastKnownFileType = file.storyboard; name = Base; path = Base.lproj/LaunchScreen.storyboard; sourceTree = "<group>"; };
		48C03A602376121200519A0C /* Info.plist */ = {isa = PBXFileReference; lastKnownFileType = text.plist.xml; path = Info.plist; sourceTree = "<group>"; };
		48C03A662376F0AC00519A0C /* OnTheMapClient.swift */ = {isa = PBXFileReference; lastKnownFileType = sourcecode.swift; path = OnTheMapClient.swift; sourceTree = "<group>"; };
		48C03A682376F48300519A0C /* LoginRequest.swift */ = {isa = PBXFileReference; lastKnownFileType = sourcecode.swift; path = LoginRequest.swift; sourceTree = "<group>"; };
		48C03A6A2376FBC200519A0C /* OnTheMapRespons.swift */ = {isa = PBXFileReference; lastKnownFileType = sourcecode.swift; path = OnTheMapRespons.swift; sourceTree = "<group>"; };
		48C03A6C2377417F00519A0C /* RequestTokenResponse.swift */ = {isa = PBXFileReference; lastKnownFileType = sourcecode.swift; path = RequestTokenResponse.swift; sourceTree = "<group>"; };
		48C03A6F237A1EE000519A0C /* MapViewController.swift */ = {isa = PBXFileReference; lastKnownFileType = sourcecode.swift; path = MapViewController.swift; sourceTree = "<group>"; };
		48C03A71237B38F700519A0C /* StudenLocationsRequest.swift */ = {isa = PBXFileReference; lastKnownFileType = sourcecode.swift; path = StudenLocationsRequest.swift; sourceTree = "<group>"; };
		48C03A742389ACF600519A0C /* LocationsModel.swift */ = {isa = PBXFileReference; lastKnownFileType = sourcecode.swift; path = LocationsModel.swift; sourceTree = "<group>"; };
		48C03A76238ADFEC00519A0C /* LocationsTablViewController.swift */ = {isa = PBXFileReference; lastKnownFileType = sourcecode.swift; path = LocationsTablViewController.swift; sourceTree = "<group>"; };
		48C03A7C238B11E300519A0C /* LocationsTablViewCell.swift */ = {isa = PBXFileReference; lastKnownFileType = sourcecode.swift; path = LocationsTablViewCell.swift; sourceTree = "<group>"; };
/* End PBXFileReference section */

/* Begin PBXFrameworksBuildPhase section */
		48C03A4E2376120E00519A0C /* Frameworks */ = {
			isa = PBXFrameworksBuildPhase;
			buildActionMask = 2147483647;
			files = (
			);
			runOnlyForDeploymentPostprocessing = 0;
		};
/* End PBXFrameworksBuildPhase section */

/* Begin PBXGroup section */
		48C03A482376120E00519A0C = {
			isa = PBXGroup;
			children = (
				48C03A532376120E00519A0C /* OnTheMap */,
				48C03A522376120E00519A0C /* Products */,
			);
			sourceTree = "<group>";
		};
		48C03A522376120E00519A0C /* Products */ = {
			isa = PBXGroup;
			children = (
				48C03A512376120E00519A0C /* OnTheMap.app */,
			);
			name = Products;
			sourceTree = "<group>";
		};
		48C03A532376120E00519A0C /* OnTheMap */ = {
			isa = PBXGroup;
			children = (
				48C03A732389ACC400519A0C /* Model */,
				48C03A6E237A1DD700519A0C /* MapView */,
				48C03A542376120E00519A0C /* AppDelegate.swift */,
				48C03A76238ADFEC00519A0C /* LocationsTablViewController.swift */,
				48C03A7C238B11E300519A0C /* LocationsTablViewCell.swift */,
				48C03A562376120E00519A0C /* ViewController.swift */,
				48C03A582376120E00519A0C /* Main.storyboard */,
				48C03A5B2376121200519A0C /* Assets.xcassets */,
				48C03A5D2376121200519A0C /* LaunchScreen.storyboard */,
				48C03A602376121200519A0C /* Info.plist */,
				48C03A662376F0AC00519A0C /* OnTheMapClient.swift */,
				48C03A682376F48300519A0C /* LoginRequest.swift */,
				48C03A71237B38F700519A0C /* StudenLocationsRequest.swift */,
				48C03A6A2376FBC200519A0C /* OnTheMapRespons.swift */,
				48C03A6C2377417F00519A0C /* RequestTokenResponse.swift */,
			);
			path = OnTheMap;
			sourceTree = "<group>";
		};
		48C03A6E237A1DD700519A0C /* MapView */ = {
			isa = PBXGroup;
			children = (
				48C03A6F237A1EE000519A0C /* MapViewController.swift */,
			);
			path = MapView;
			sourceTree = "<group>";
		};
		48C03A732389ACC400519A0C /* Model */ = {
			isa = PBXGroup;
			children = (
				48C03A742389ACF600519A0C /* LocationsModel.swift */,
			);
			path = Model;
			sourceTree = "<group>";
		};
/* End PBXGroup section */

/* Begin PBXNativeTarget section */
		48C03A502376120E00519A0C /* OnTheMap */ = {
			isa = PBXNativeTarget;
			buildConfigurationList = 48C03A632376121200519A0C /* Build configuration list for PBXNativeTarget "OnTheMap" */;
			buildPhases = (
				48C03A4D2376120E00519A0C /* Sources */,
				48C03A4E2376120E00519A0C /* Frameworks */,
				48C03A4F2376120E00519A0C /* Resources */,
			);
			buildRules = (
			);
			dependencies = (
			);
			name = OnTheMap;
			productName = OnTheMap;
			productReference = 48C03A512376120E00519A0C /* OnTheMap.app */;
			productType = "com.apple.product-type.application";
		};
/* End PBXNativeTarget section */

/* Begin PBXProject section */
		48C03A492376120E00519A0C /* Project object */ = {
			isa = PBXProject;
			attributes = {
				LastSwiftUpdateCheck = 1030;
				LastUpgradeCheck = 1030;
				ORGANIZATIONNAME = "Ziyad Alsaeed";
				TargetAttributes = {
					48C03A502376120E00519A0C = {
						CreatedOnToolsVersion = 10.3;
					};
				};
			};
			buildConfigurationList = 48C03A4C2376120E00519A0C /* Build configuration list for PBXProject "OnTheMap" */;
			compatibilityVersion = "Xcode 9.3";
			developmentRegion = en;
			hasScannedForEncodings = 0;
			knownRegions = (
				en,
				Base,
			);
			mainGroup = 48C03A482376120E00519A0C;
			productRefGroup = 48C03A522376120E00519A0C /* Products */;
			projectDirPath = "";
			projectRoot = "";
			targets = (
				48C03A502376120E00519A0C /* OnTheMap */,
			);
		};
/* End PBXProject section */

/* Begin PBXResourcesBuildPhase section */
		48C03A4F2376120E00519A0C /* Resources */ = {
			isa = PBXResourcesBuildPhase;
			buildActionMask = 2147483647;
			files = (
				48C03A5F2376121200519A0C /* LaunchScreen.storyboard in Resources */,
				48C03A5C2376121200519A0C /* Assets.xcassets in Resources */,
				48C03A5A2376120E00519A0C /* Main.storyboard in Resources */,
			);
			runOnlyForDeploymentPostprocessing = 0;
		};
/* End PBXResourcesBuildPhase section */

/* Begin PBXSourcesBuildPhase section */
		48C03A4D2376120E00519A0C /* Sources */ = {
			isa = PBXSourcesBuildPhase;
			buildActionMask = 2147483647;
			files = (
				48C03A672376F0AC00519A0C /* OnTheMapClient.swift in Sources */,
				48C03A572376120E00519A0C /* ViewController.swift in Sources */,
				48C03A6B2376FBC200519A0C /* OnTheMapRespons.swift in Sources */,
				48C03A7D238B11E300519A0C /* LocationsTablViewCell.swift in Sources */,
				48C03A552376120E00519A0C /* AppDelegate.swift in Sources */,
				48C03A6D2377417F00519A0C /* RequestTokenResponse.swift in Sources */,
				48C03A692376F48300519A0C /* LoginRequest.swift in Sources */,
				48C03A70237A1EE000519A0C /* MapViewController.swift in Sources */,
				48C03A72237B38F700519A0C /* StudenLocationsRequest.swift in Sources */,
				48C03A77238ADFEC00519A0C /* LocationsTablViewController.swift in Sources */,
				48C03A752389ACF600519A0C /* LocationsModel.swift in Sources */,
			);
			runOnlyForDeploymentPostprocessing = 0;
		};
/* End PBXSourcesBuildPhase section */

/* Begin PBXVariantGroup section */
		48C03A582376120E00519A0C /* Main.storyboard */ = {
			isa = PBXVariantGroup;
			children = (
				48C03A592376120E00519A0C /* Base */,
			);
			name = Main.storyboard;
			sourceTree = "<group>";
		};
		48C03A5D2376121200519A0C /* LaunchScreen.storyboard */ = {
			isa = PBXVariantGroup;
			children = (
				48C03A5E2376121200519A0C /* Base */,
			);
			name = LaunchScreen.storyboard;
			sourceTree = "<group>";
		};
/* End PBXVariantGroup section */

/* Begin XCBuildConfiguration section */
		48C03A612376121200519A0C /* Debug */ = {
			isa = XCBuildConfiguration;
			buildSettings = {
				ALWAYS_SEARCH_USER_PATHS = NO;
				CLANG_ANALYZER_NONNULL = YES;
				CLANG_ANALYZER_NUMBER_OBJECT_CONVERSION = YES_AGGRESSIVE;
				CLANG_CXX_LANGUAGE_STANDARD = "gnu++14";
				CLANG_CXX_LIBRARY = "libc++";
				CLANG_ENABLE_MODULES = YES;
				CLANG_ENABLE_OBJC_ARC = YES;
				CLANG_ENABLE_OBJC_WEAK = YES;
				CLANG_WARN_BLOCK_CAPTURE_AUTORELEASING = YES;
				CLANG_WARN_BOOL_CONVERSION = YES;
				CLANG_WARN_COMMA = YES;
				CLANG_WARN_CONSTANT_CONVERSION = YES;
				CLANG_WARN_DEPRECATED_OBJC_IMPLEMENTATIONS = YES;
				CLANG_WARN_DIRECT_OBJC_ISA_USAGE = YES_ERROR;
				CLANG_WARN_DOCUMENTATION_COMMENTS = YES;
				CLANG_WARN_EMPTY_BODY = YES;
				CLANG_WARN_ENUM_CONVERSION = YES;
				CLANG_WARN_INFINITE_RECURSION = YES;
				CLANG_WARN_INT_CONVERSION = YES;
				CLANG_WARN_NON_LITERAL_NULL_CONVERSION = YES;
				CLANG_WARN_OBJC_IMPLICIT_RETAIN_SELF = YES;
				CLANG_WARN_OBJC_LITERAL_CONVERSION = YES;
				CLANG_WARN_OBJC_ROOT_CLASS = YES_ERROR;
				CLANG_WARN_RANGE_LOOP_ANALYSIS = YES;
				CLANG_WARN_STRICT_PROTOTYPES = YES;
				CLANG_WARN_SUSPICIOUS_MOVE = YES;
				CLANG_WARN_UNGUARDED_AVAILABILITY = YES_AGGRESSIVE;
				CLANG_WARN_UNREACHABLE_CODE = YES;
				CLANG_WARN__DUPLICATE_METHOD_MATCH = YES;
				CODE_SIGN_IDENTITY = "iPhone Developer";
				COPY_PHASE_STRIP = NO;
				DEBUG_INFORMATION_FORMAT = dwarf;
				ENABLE_STRICT_OBJC_MSGSEND = YES;
				ENABLE_TESTABILITY = YES;
				GCC_C_LANGUAGE_STANDARD = gnu11;
				GCC_DYNAMIC_NO_PIC = NO;
				GCC_NO_COMMON_BLOCKS = YES;
				GCC_OPTIMIZATION_LEVEL = 0;
				GCC_PREPROCESSOR_DEFINITIONS = (
					"DEBUG=1",
					"$(inherited)",
				);
				GCC_WARN_64_TO_32_BIT_CONVERSION = YES;
				GCC_WARN_ABOUT_RETURN_TYPE = YES_ERROR;
				GCC_WARN_UNDECLARED_SELECTOR = YES;
				GCC_WARN_UNINITIALIZED_AUTOS = YES_AGGRESSIVE;
				GCC_WARN_UNUSED_FUNCTION = YES;
				GCC_WARN_UNUSED_VARIABLE = YES;
				IPHONEOS_DEPLOYMENT_TARGET = 12.4;
				MTL_ENABLE_DEBUG_INFO = INCLUDE_SOURCE;
				MTL_FAST_MATH = YES;
				ONLY_ACTIVE_ARCH = YES;
				SDKROOT = iphoneos;
				SWIFT_ACTIVE_COMPILATION_CONDITIONS = DEBUG;
				SWIFT_OPTIMIZATION_LEVEL = "-Onone";
			};
			name = Debug;
		};
		48C03A622376121200519A0C /* Release */ = {
			isa = XCBuildConfiguration;
			buildSettings = {
				ALWAYS_SEARCH_USER_PATHS = NO;
				CLANG_ANALYZER_NONNULL = YES;
				CLANG_ANALYZER_NUMBER_OBJECT_CONVERSION = YES_AGGRESSIVE;
				CLANG_CXX_LANGUAGE_STANDARD = "gnu++14";
				CLANG_CXX_LIBRARY = "libc++";
				CLANG_ENABLE_MODULES = YES;
				CLANG_ENABLE_OBJC_ARC = YES;
				CLANG_ENABLE_OBJC_WEAK = YES;
				CLANG_WARN_BLOCK_CAPTURE_AUTORELEASING = YES;
				CLANG_WARN_BOOL_CONVERSION = YES;
				CLANG_WARN_COMMA = YES;
				CLANG_WARN_CONSTANT_CONVERSION = YES;
				CLANG_WARN_DEPRECATED_OBJC_IMPLEMENTATIONS = YES;
				CLANG_WARN_DIRECT_OBJC_ISA_USAGE = YES_ERROR;
				CLANG_WARN_DOCUMENTATION_COMMENTS = YES;
				CLANG_WARN_EMPTY_BODY = YES;
				CLANG_WARN_ENUM_CONVERSION = YES;
				CLANG_WARN_INFINITE_RECURSION = YES;
				CLANG_WARN_INT_CONVERSION = YES;
				CLANG_WARN_NON_LITERAL_NULL_CONVERSION = YES;
				CLANG_WARN_OBJC_IMPLICIT_RETAIN_SELF = YES;
				CLANG_WARN_OBJC_LITERAL_CONVERSION = YES;
				CLANG_WARN_OBJC_ROOT_CLASS = YES_ERROR;
				CLANG_WARN_RANGE_LOOP_ANALYSIS = YES;
				CLANG_WARN_STRICT_PROTOTYPES = YES;
				CLANG_WARN_SUSPICIOUS_MOVE = YES;
				CLANG_WARN_UNGUARDED_AVAILABILITY = YES_AGGRESSIVE;
				CLANG_WARN_UNREACHABLE_CODE = YES;
				CLANG_WARN__DUPLICATE_METHOD_MATCH = YES;
				CODE_SIGN_IDENTITY = "iPhone Developer";
				COPY_PHASE_STRIP = NO;
				DEBUG_INFORMATION_FORMAT = "dwarf-with-dsym";
				ENABLE_NS_ASSERTIONS = NO;
				ENABLE_STRICT_OBJC_MSGSEND = YES;
				GCC_C_LANGUAGE_STANDARD = gnu11;
				GCC_NO_COMMON_BLOCKS = YES;
				GCC_WARN_64_TO_32_BIT_CONVERSION = YES;
				GCC_WARN_ABOUT_RETURN_TYPE = YES_ERROR;
				GCC_WARN_UNDECLARED_SELECTOR = YES;
				GCC_WARN_UNINITIALIZED_AUTOS = YES_AGGRESSIVE;
				GCC_WARN_UNUSED_FUNCTION = YES;
				GCC_WARN_UNUSED_VARIABLE = YES;
				IPHONEOS_DEPLOYMENT_TARGET = 12.4;
				MTL_ENABLE_DEBUG_INFO = NO;
				MTL_FAST_MATH = YES;
				SDKROOT = iphoneos;
				SWIFT_COMPILATION_MODE = wholemodule;
				SWIFT_OPTIMIZATION_LEVEL = "-O";
				VALIDATE_PRODUCT = YES;
			};
			name = Release;
		};
		48C03A642376121200519A0C /* Debug */ = {
			isa = XCBuildConfiguration;
			buildSettings = {
				ASSETCATALOG_COMPILER_APPICON_NAME = AppIcon;
				CODE_SIGN_STYLE = Automatic;
				DEVELOPMENT_TEAM = 3S5L5YKRU2;
				INFOPLIST_FILE = OnTheMap/Info.plist;
				LD_RUNPATH_SEARCH_PATHS = (
					"$(inherited)",
					"@executable_path/Frameworks",
				);
				PRODUCT_BUNDLE_IDENTIFIER = com.ziyad.OnTheMap;
				PRODUCT_NAME = "$(TARGET_NAME)";
				SWIFT_VERSION = 5.0;
				TARGETED_DEVICE_FAMILY = "1,2";
			};
			name = Debug;
		};
		48C03A652376121200519A0C /* Release */ = {
			isa = XCBuildConfiguration;
			buildSettings = {
				ASSETCATALOG_COMPILER_APPICON_NAME = AppIcon;
				CODE_SIGN_STYLE = Automatic;
				DEVELOPMENT_TEAM = 3S5L5YKRU2;
				INFOPLIST_FILE = OnTheMap/Info.plist;
				LD_RUNPATH_SEARCH_PATHS = (
					"$(inherited)",
					"@executable_path/Frameworks",
				);
				PRODUCT_BUNDLE_IDENTIFIER = com.ziyad.OnTheMap;
				PRODUCT_NAME = "$(TARGET_NAME)";
				SWIFT_VERSION = 5.0;
				TARGETED_DEVICE_FAMILY = "1,2";
			};
			name = Release;
		};
/* End XCBuildConfiguration section */

/* Begin XCConfigurationList section */
		48C03A4C2376120E00519A0C /* Build configuration list for PBXProject "OnTheMap" */ = {
			isa = XCConfigurationList;
			buildConfigurations = (
				48C03A612376121200519A0C /* Debug */,
				48C03A622376121200519A0C /* Release */,
			);
			defaultConfigurationIsVisible = 0;
			defaultConfigurationName = Release;
		};
		48C03A632376121200519A0C /* Build configuration list for PBXNativeTarget "OnTheMap" */ = {
			isa = XCConfigurationList;
			buildConfigurations = (
				48C03A642376121200519A0C /* Debug */,
				48C03A652376121200519A0C /* Release */,
			);
			defaultConfigurationIsVisible = 0;
			defaultConfigurationName = Release;
		};
/* End XCConfigurationList section */
	};
	rootObject = 48C03A492376120E00519A0C /* Project object */;
}
